
Microsoft Visual Studio Solution File, Format Version 12.00
# Visual Studio Version 17
VisualStudioVersion = 17.7.34202.233
MinimumVisualStudioVersion = 10.0.40219.1
Project("{FAE04EC0-301F-11D3-BF4B-00C04F79EFBC}") = "CSharp Discord Bot", "CSharp Discord Bot.csproj", "{557C3341-8AEA-4463-8457-29C123274296}"
EndProject
Global
	GlobalSection(SolutionConfigurationPlatforms) = preSolution
		Debug|Any CPU = Debug|Any CPU
		Release|Any CPU = Release|Any CPU
	EndGlobalSection
	GlobalSection(ProjectConfigurationPlatforms) = postSolution
		{557C3341-8AEA-4463-8457-29C123274296}.Debug|Any CPU.ActiveCfg = Debug|Any CPU
		{557C3341-8AEA-4463-8457-29C123274296}.Debug|Any CPU.Build.0 = Debug|Any CPU
		{557C3341-8AEA-4463-8457-29C123274296}.Release|Any CPU.ActiveCfg = Release|Any CPU
		{557C3341-8AEA-4463-8457-29C123274296}.Release|Any CPU.Build.0 = Release|Any CPU
	EndGlobalSection
	GlobalSection(SolutionProperties) = preSolution
		HideSolutionNode = FALSE
	EndGlobalSection
	GlobalSection(ExtensibilityGlobals) = postSolution
		SolutionGuid = {B5C80B7E-D530-42F5-9576-F9729994CE43}
	EndGlobalSection
EndGlobal
